
Microsoft Visual Studio Solution File, Format Version 12.00
# Visual Studio Version 17
VisualStudioVersion = 17.14.36414.22 d17.14
MinimumVisualStudioVersion = 10.0.40219.1
Project("{FAE04EC0-301F-11D3-BF4B-00C04F79EFBC}") = "TD - Blackjack", "TD - Blackjack\TD - Blackjack.csproj", "{FAAC92ED-1760-405B-AF66-B8CAAF937442}"
EndProject
Global
	GlobalSection(SolutionConfigurationPlatforms) = preSolution
		Debug|Any CPU = Debug|Any CPU
		Release|Any CPU = Release|Any CPU
	EndGlobalSection
	GlobalSection(ProjectConfigurationPlatforms) = postSolution
		{FAAC92ED-1760-405B-AF66-B8CAAF937442}.Debug|Any CPU.ActiveCfg = Debug|Any CPU
		{FAAC92ED-1760-405B-AF66-B8CAAF937442}.Debug|Any CPU.Build.0 = Debug|Any CPU
		{FAAC92ED-1760-405B-AF66-B8CAAF937442}.Release|Any CPU.ActiveCfg = Release|Any CPU
		{FAAC92ED-1760-405B-AF66-B8CAAF937442}.Release|Any CPU.Build.0 = Release|Any CPU
	EndGlobalSection
	GlobalSection(SolutionProperties) = preSolution
		HideSolutionNode = FALSE
	EndGlobalSection
	GlobalSection(ExtensibilityGlobals) = postSolution
		SolutionGuid = {D28975F6-3B7C-4275-8F5E-71898791941C}
	EndGlobalSection
EndGlobal
